// !$*UTF8*$!
{
	archiveVersion = 1;
	classes = {
	};
	objectVersion = 56;
	objects = {

/* Begin PBXBuildFile section */
		2C494FC62A1829100031827E /* ToDoModel.swift in Sources */ = {isa = PBXBuildFile; fileRef = 2C494FC52A1829100031827E /* ToDoModel.swift */; };
		2C494FC82A182FDA0031827E /* SettingsView.swift in Sources */ = {isa = PBXBuildFile; fileRef = 2C494FC72A182FDA0031827E /* SettingsView.swift */; };
		2C494FCA2A184C8D0031827E /* ToDoStatusModel.swift in Sources */ = {isa = PBXBuildFile; fileRef = 2C494FC92A184C8D0031827E /* ToDoStatusModel.swift */; };
		2C494FCD2A185BC80031827E /* CoreDataModel.xcdatamodeld in Sources */ = {isa = PBXBuildFile; fileRef = 2C494FCB2A185BC80031827E /* CoreDataModel.xcdatamodeld */; };
		2C494FCF2A185CB70031827E /* CoreDataStack.swift in Sources */ = {isa = PBXBuildFile; fileRef = 2C494FCE2A185CB70031827E /* CoreDataStack.swift */; };
		2C72A21D2A16D53500C50227 /* AddToDoView.swift in Sources */ = {isa = PBXBuildFile; fileRef = 2C72A21C2A16D53500C50227 /* AddToDoView.swift */; };
		2C72A21F2A16DB4D00C50227 /* ToDoDetailView.swift in Sources */ = {isa = PBXBuildFile; fileRef = 2C72A21E2A16DB4D00C50227 /* ToDoDetailView.swift */; };
		2CD3F6172A14662600394B20 /* wiseToDoApp.swift in Sources */ = {isa = PBXBuildFile; fileRef = 2CD3F6162A14662600394B20 /* wiseToDoApp.swift */; };
		2CD3F6192A14662600394B20 /* ContentView.swift in Sources */ = {isa = PBXBuildFile; fileRef = 2CD3F6182A14662600394B20 /* ContentView.swift */; };
		2CD3F61B2A14662700394B20 /* Assets.xcassets in Resources */ = {isa = PBXBuildFile; fileRef = 2CD3F61A2A14662700394B20 /* Assets.xcassets */; };
		2CD3F61E2A14662700394B20 /* Preview Assets.xcassets in Resources */ = {isa = PBXBuildFile; fileRef = 2CD3F61D2A14662700394B20 /* Preview Assets.xcassets */; };
		2CD3F6272A15C4AE00394B20 /* CollapsibleView.swift in Sources */ = {isa = PBXBuildFile; fileRef = 2CD3F6262A15C4AE00394B20 /* CollapsibleView.swift */; };
/* End PBXBuildFile section */

/* Begin PBXFileReference section */
		2C494FC52A1829100031827E /* ToDoModel.swift */ = {isa = PBXFileReference; lastKnownFileType = sourcecode.swift; path = ToDoModel.swift; sourceTree = "<group>"; };
		2C494FC72A182FDA0031827E /* SettingsView.swift */ = {isa = PBXFileReference; lastKnownFileType = sourcecode.swift; path = SettingsView.swift; sourceTree = "<group>"; };
		2C494FC92A184C8D0031827E /* ToDoStatusModel.swift */ = {isa = PBXFileReference; lastKnownFileType = sourcecode.swift; path = ToDoStatusModel.swift; sourceTree = "<group>"; };
		2C494FCC2A185BC80031827E /* CoreDataModel.xcdatamodel */ = {isa = PBXFileReference; lastKnownFileType = wrapper.xcdatamodel; path = CoreDataModel.xcdatamodel; sourceTree = "<group>"; };
		2C494FCE2A185CB70031827E /* CoreDataStack.swift */ = {isa = PBXFileReference; lastKnownFileType = sourcecode.swift; path = CoreDataStack.swift; sourceTree = "<group>"; };
		2C72A21C2A16D53500C50227 /* AddToDoView.swift */ = {isa = PBXFileReference; lastKnownFileType = sourcecode.swift; path = AddToDoView.swift; sourceTree = "<group>"; };
		2C72A21E2A16DB4D00C50227 /* ToDoDetailView.swift */ = {isa = PBXFileReference; lastKnownFileType = sourcecode.swift; path = ToDoDetailView.swift; sourceTree = "<group>"; };
		2CD3F6132A14662600394B20 /* wiseToDo.app */ = {isa = PBXFileReference; explicitFileType = wrapper.application; includeInIndex = 0; path = wiseToDo.app; sourceTree = BUILT_PRODUCTS_DIR; };
		2CD3F6162A14662600394B20 /* wiseToDoApp.swift */ = {isa = PBXFileReference; lastKnownFileType = sourcecode.swift; path = wiseToDoApp.swift; sourceTree = "<group>"; };
		2CD3F6182A14662600394B20 /* ContentView.swift */ = {isa = PBXFileReference; lastKnownFileType = sourcecode.swift; path = ContentView.swift; sourceTree = "<group>"; };
		2CD3F61A2A14662700394B20 /* Assets.xcassets */ = {isa = PBXFileReference; lastKnownFileType = folder.assetcatalog; path = Assets.xcassets; sourceTree = "<group>"; };
		2CD3F61D2A14662700394B20 /* Preview Assets.xcassets */ = {isa = PBXFileReference; lastKnownFileType = folder.assetcatalog; path = "Preview Assets.xcassets"; sourceTree = "<group>"; };
		2CD3F6262A15C4AE00394B20 /* CollapsibleView.swift */ = {isa = PBXFileReference; lastKnownFileType = sourcecode.swift; path = CollapsibleView.swift; sourceTree = "<group>"; };
/* End PBXFileReference section */

/* Begin PBXFrameworksBuildPhase section */
		2CD3F6102A14662600394B20 /* Frameworks */ = {
			isa = PBXFrameworksBuildPhase;
			buildActionMask = 2147483647;
			files = (
			);
			runOnlyForDeploymentPostprocessing = 0;
		};
/* End PBXFrameworksBuildPhase section */

/* Begin PBXGroup section */
		2CD3F60A2A14662600394B20 = {
			isa = PBXGroup;
			children = (
				2C494FCB2A185BC80031827E /* CoreDataModel.xcdatamodeld */,
				2CD3F6152A14662600394B20 /* wiseToDo */,
				2CD3F6142A14662600394B20 /* Products */,
			);
			sourceTree = "<group>";
		};
		2CD3F6142A14662600394B20 /* Products */ = {
			isa = PBXGroup;
			children = (
				2CD3F6132A14662600394B20 /* wiseToDo.app */,
			);
			name = Products;
			sourceTree = "<group>";
		};
		2CD3F6152A14662600394B20 /* wiseToDo */ = {
			isa = PBXGroup;
			children = (
				2CD3F6162A14662600394B20 /* wiseToDoApp.swift */,
				2CD3F6182A14662600394B20 /* ContentView.swift */,
				2CD3F61A2A14662700394B20 /* Assets.xcassets */,
				2CD3F61C2A14662700394B20 /* Preview Content */,
				2CD3F6262A15C4AE00394B20 /* CollapsibleView.swift */,
				2C72A21C2A16D53500C50227 /* AddToDoView.swift */,
				2C72A21E2A16DB4D00C50227 /* ToDoDetailView.swift */,
				2C494FC52A1829100031827E /* ToDoModel.swift */,
				2C494FC72A182FDA0031827E /* SettingsView.swift */,
				2C494FC92A184C8D0031827E /* ToDoStatusModel.swift */,
				2C494FCE2A185CB70031827E /* CoreDataStack.swift */,
			);
			path = wiseToDo;
			sourceTree = "<group>";
		};
		2CD3F61C2A14662700394B20 /* Preview Content */ = {
			isa = PBXGroup;
			children = (
				2CD3F61D2A14662700394B20 /* Preview Assets.xcassets */,
			);
			path = "Preview Content";
			sourceTree = "<group>";
		};
/* End PBXGroup section */

/* Begin PBXNativeTarget section */
		2CD3F6122A14662600394B20 /* wiseToDo */ = {
			isa = PBXNativeTarget;
			buildConfigurationList = 2CD3F6212A14662700394B20 /* Build configuration list for PBXNativeTarget "wiseToDo" */;
			buildPhases = (
				2CD3F60F2A14662600394B20 /* Sources */,
				2CD3F6102A14662600394B20 /* Frameworks */,
				2CD3F6112A14662600394B20 /* Resources */,
			);
			buildRules = (
			);
			dependencies = (
			);
			name = wiseToDo;
			productName = wiseToDo;
			productReference = 2CD3F6132A14662600394B20 /* wiseToDo.app */;
			productType = "com.apple.product-type.application";
		};
/* End PBXNativeTarget section */

/* Begin PBXProject section */
		2CD3F60B2A14662600394B20 /* Project object */ = {
			isa = PBXProject;
			attributes = {
				BuildIndependentTargetsInParallel = 1;
				LastSwiftUpdateCheck = 1430;
				LastUpgradeCheck = 1430;
				TargetAttributes = {
					2CD3F6122A14662600394B20 = {
						CreatedOnToolsVersion = 14.3;
					};
				};
			};
			buildConfigurationList = 2CD3F60E2A14662600394B20 /* Build configuration list for PBXProject "wiseToDo" */;
			compatibilityVersion = "Xcode 14.0";
			developmentRegion = en;
			hasScannedForEncodings = 0;
			knownRegions = (
				en,
				Base,
			);
			mainGroup = 2CD3F60A2A14662600394B20;
			productRefGroup = 2CD3F6142A14662600394B20 /* Products */;
			projectDirPath = "";
			projectRoot = "";
			targets = (
				2CD3F6122A14662600394B20 /* wiseToDo */,
			);
		};
/* End PBXProject section */

/* Begin PBXResourcesBuildPhase section */
		2CD3F6112A14662600394B20 /* Resources */ = {
			isa = PBXResourcesBuildPhase;
			buildActionMask = 2147483647;
			files = (
				2CD3F61E2A14662700394B20 /* Preview Assets.xcassets in Resources */,
				2CD3F61B2A14662700394B20 /* Assets.xcassets in Resources */,
			);
			runOnlyForDeploymentPostprocessing = 0;
		};
/* End PBXResourcesBuildPhase section */

/* Begin PBXSourcesBuildPhase section */
		2CD3F60F2A14662600394B20 /* Sources */ = {
			isa = PBXSourcesBuildPhase;
			buildActionMask = 2147483647;
			files = (
				2C494FC82A182FDA0031827E /* SettingsView.swift in Sources */,
				2C72A21F2A16DB4D00C50227 /* ToDoDetailView.swift in Sources */,
				2CD3F6272A15C4AE00394B20 /* CollapsibleView.swift in Sources */,
				2C494FCA2A184C8D0031827E /* ToDoStatusModel.swift in Sources */,
				2CD3F6192A14662600394B20 /* ContentView.swift in Sources */,
				2C494FCF2A185CB70031827E /* CoreDataStack.swift in Sources */,
				2C494FCD2A185BC80031827E /* CoreDataModel.xcdatamodeld in Sources */,
				2C72A21D2A16D53500C50227 /* AddToDoView.swift in Sources */,
				2CD3F6172A14662600394B20 /* wiseToDoApp.swift in Sources */,
				2C494FC62A1829100031827E /* ToDoModel.swift in Sources */,
			);
			runOnlyForDeploymentPostprocessing = 0;
		};
/* End PBXSourcesBuildPhase section */

/* Begin XCBuildConfiguration section */
		2CD3F61F2A14662700394B20 /* Debug */ = {
			isa = XCBuildConfiguration;
			buildSettings = {
				ALWAYS_SEARCH_USER_PATHS = NO;
				CLANG_ANALYZER_NONNULL = YES;
				CLANG_ANALYZER_NUMBER_OBJECT_CONVERSION = YES_AGGRESSIVE;
				CLANG_CXX_LANGUAGE_STANDARD = "gnu++20";
				CLANG_ENABLE_MODULES = YES;
				CLANG_ENABLE_OBJC_ARC = YES;
				CLANG_ENABLE_OBJC_WEAK = YES;
				CLANG_WARN_BLOCK_CAPTURE_AUTORELEASING = YES;
				CLANG_WARN_BOOL_CONVERSION = YES;
				CLANG_WARN_COMMA = YES;
				CLANG_WARN_CONSTANT_CONVERSION = YES;
				CLANG_WARN_DEPRECATED_OBJC_IMPLEMENTATIONS = YES;
				CLANG_WARN_DIRECT_OBJC_ISA_USAGE = YES_ERROR;
				CLANG_WARN_DOCUMENTATION_COMMENTS = YES;
				CLANG_WARN_EMPTY_BODY = YES;
				CLANG_WARN_ENUM_CONVERSION = YES;
				CLANG_WARN_INFINITE_RECURSION = YES;
				CLANG_WARN_INT_CONVERSION = YES;
				CLANG_WARN_NON_LITERAL_NULL_CONVERSION = YES;
				CLANG_WARN_OBJC_IMPLICIT_RETAIN_SELF = YES;
				CLANG_WARN_OBJC_LITERAL_CONVERSION = YES;
				CLANG_WARN_OBJC_ROOT_CLASS = YES_ERROR;
				CLANG_WARN_QUOTED_INCLUDE_IN_FRAMEWORK_HEADER = YES;
				CLANG_WARN_RANGE_LOOP_ANALYSIS = YES;
				CLANG_WARN_STRICT_PROTOTYPES = YES;
				CLANG_WARN_SUSPICIOUS_MOVE = YES;
				CLANG_WARN_UNGUARDED_AVAILABILITY = YES_AGGRESSIVE;
				CLANG_WARN_UNREACHABLE_CODE = YES;
				CLANG_WARN__DUPLICATE_METHOD_MATCH = YES;
				COPY_PHASE_STRIP = NO;
				DEBUG_INFORMATION_FORMAT = dwarf;
				ENABLE_STRICT_OBJC_MSGSEND = YES;
				ENABLE_TESTABILITY = YES;
				GCC_C_LANGUAGE_STANDARD = gnu11;
				GCC_DYNAMIC_NO_PIC = NO;
				GCC_NO_COMMON_BLOCKS = YES;
				GCC_OPTIMIZATION_LEVEL = 0;
				GCC_PREPROCESSOR_DEFINITIONS = (
					"DEBUG=1",
					"$(inherited)",
				);
				GCC_WARN_64_TO_32_BIT_CONVERSION = YES;
				GCC_WARN_ABOUT_RETURN_TYPE = YES_ERROR;
				GCC_WARN_UNDECLARED_SELECTOR = YES;
				GCC_WARN_UNINITIALIZED_AUTOS = YES_AGGRESSIVE;
				GCC_WARN_UNUSED_FUNCTION = YES;
				GCC_WARN_UNUSED_VARIABLE = YES;
				IPHONEOS_DEPLOYMENT_TARGET = 16.4;
				MTL_ENABLE_DEBUG_INFO = INCLUDE_SOURCE;
				MTL_FAST_MATH = YES;
				ONLY_ACTIVE_ARCH = YES;
				SDKROOT = iphoneos;
				SWIFT_ACTIVE_COMPILATION_CONDITIONS = DEBUG;
				SWIFT_OPTIMIZATION_LEVEL = "-Onone";
			};
			name = Debug;
		};
		2CD3F6202A14662700394B20 /* Release */ = {
			isa = XCBuildConfiguration;
			buildSettings = {
				ALWAYS_SEARCH_USER_PATHS = NO;
				CLANG_ANALYZER_NONNULL = YES;
				CLANG_ANALYZER_NUMBER_OBJECT_CONVERSION = YES_AGGRESSIVE;
				CLANG_CXX_LANGUAGE_STANDARD = "gnu++20";
				CLANG_ENABLE_MODULES = YES;
				CLANG_ENABLE_OBJC_ARC = YES;
				CLANG_ENABLE_OBJC_WEAK = YES;
				CLANG_WARN_BLOCK_CAPTURE_AUTORELEASING = YES;
				CLANG_WARN_BOOL_CONVERSION = YES;
				CLANG_WARN_COMMA = YES;
				CLANG_WARN_CONSTANT_CONVERSION = YES;
				CLANG_WARN_DEPRECATED_OBJC_IMPLEMENTATIONS = YES;
				CLANG_WARN_DIRECT_OBJC_ISA_USAGE = YES_ERROR;
				CLANG_WARN_DOCUMENTATION_COMMENTS = YES;
				CLANG_WARN_EMPTY_BODY = YES;
				CLANG_WARN_ENUM_CONVERSION = YES;
				CLANG_WARN_INFINITE_RECURSION = YES;
				CLANG_WARN_INT_CONVERSION = YES;
				CLANG_WARN_NON_LITERAL_NULL_CONVERSION = YES;
				CLANG_WARN_OBJC_IMPLICIT_RETAIN_SELF = YES;
				CLANG_WARN_OBJC_LITERAL_CONVERSION = YES;
				CLANG_WARN_OBJC_ROOT_CLASS = YES_ERROR;
				CLANG_WARN_QUOTED_INCLUDE_IN_FRAMEWORK_HEADER = YES;
				CLANG_WARN_RANGE_LOOP_ANALYSIS = YES;
				CLANG_WARN_STRICT_PROTOTYPES = YES;
				CLANG_WARN_SUSPICIOUS_MOVE = YES;
				CLANG_WARN_UNGUARDED_AVAILABILITY = YES_AGGRESSIVE;
				CLANG_WARN_UNREACHABLE_CODE = YES;
				CLANG_WARN__DUPLICATE_METHOD_MATCH = YES;
				COPY_PHASE_STRIP = NO;
				DEBUG_INFORMATION_FORMAT = "dwarf-with-dsym";
				ENABLE_NS_ASSERTIONS = NO;
				ENABLE_STRICT_OBJC_MSGSEND = YES;
				GCC_C_LANGUAGE_STANDARD = gnu11;
				GCC_NO_COMMON_BLOCKS = YES;
				GCC_WARN_64_TO_32_BIT_CONVERSION = YES;
				GCC_WARN_ABOUT_RETURN_TYPE = YES_ERROR;
				GCC_WARN_UNDECLARED_SELECTOR = YES;
				GCC_WARN_UNINITIALIZED_AUTOS = YES_AGGRESSIVE;
				GCC_WARN_UNUSED_FUNCTION = YES;
				GCC_WARN_UNUSED_VARIABLE = YES;
				IPHONEOS_DEPLOYMENT_TARGET = 16.4;
				MTL_ENABLE_DEBUG_INFO = NO;
				MTL_FAST_MATH = YES;
				SDKROOT = iphoneos;
				SWIFT_COMPILATION_MODE = wholemodule;
				SWIFT_OPTIMIZATION_LEVEL = "-O";
				VALIDATE_PRODUCT = YES;
			};
			name = Release;
		};
		2CD3F6222A14662700394B20 /* Debug */ = {
			isa = XCBuildConfiguration;
			buildSettings = {
				ASSETCATALOG_COMPILER_APPICON_NAME = AppIcon;
				ASSETCATALOG_COMPILER_GLOBAL_ACCENT_COLOR_NAME = AccentColor;
				CODE_SIGN_IDENTITY = "Apple Development";
				CODE_SIGN_STYLE = Automatic;
				CURRENT_PROJECT_VERSION = 1;
				DEVELOPMENT_ASSET_PATHS = "\"wiseToDo/Preview Content\"";
				DEVELOPMENT_TEAM = S5Q7Y53B5L;
				ENABLE_PREVIEWS = YES;
				GENERATE_INFOPLIST_FILE = YES;
				INFOPLIST_KEY_UIApplicationSceneManifest_Generation = YES;
				INFOPLIST_KEY_UIApplicationSupportsIndirectInputEvents = YES;
				INFOPLIST_KEY_UILaunchScreen_Generation = YES;
				INFOPLIST_KEY_UISupportedInterfaceOrientations_iPad = "UIInterfaceOrientationPortrait UIInterfaceOrientationPortraitUpsideDown UIInterfaceOrientationLandscapeLeft UIInterfaceOrientationLandscapeRight";
				INFOPLIST_KEY_UISupportedInterfaceOrientations_iPhone = "UIInterfaceOrientationPortrait UIInterfaceOrientationLandscapeLeft UIInterfaceOrientationLandscapeRight";
				LD_RUNPATH_SEARCH_PATHS = (
					"$(inherited)",
					"@executable_path/Frameworks",
				);
				MARKETING_VERSION = 1.0;
				PRODUCT_BUNDLE_IDENTIFIER = dev.jasonawise.wiseToDo;
				PRODUCT_NAME = "$(TARGET_NAME)";
				PROVISIONING_PROFILE_SPECIFIER = "";
				SWIFT_EMIT_LOC_STRINGS = YES;
				SWIFT_VERSION = 5.0;
				TARGETED_DEVICE_FAMILY = "1,2";
			};
			name = Debug;
		};
		2CD3F6232A14662700394B20 /* Release */ = {
			isa = XCBuildConfiguration;
			buildSettings = {
				ASSETCATALOG_COMPILER_APPICON_NAME = AppIcon;
				ASSETCATALOG_COMPILER_GLOBAL_ACCENT_COLOR_NAME = AccentColor;
				CODE_SIGN_IDENTITY = "Apple Development";
				CODE_SIGN_STYLE = Automatic;
				CURRENT_PROJECT_VERSION = 1;
				DEVELOPMENT_ASSET_PATHS = "\"wiseToDo/Preview Content\"";
				DEVELOPMENT_TEAM = S5Q7Y53B5L;
				ENABLE_PREVIEWS = YES;
				GENERATE_INFOPLIST_FILE = YES;
				INFOPLIST_KEY_UIApplicationSceneManifest_Generation = YES;
				INFOPLIST_KEY_UIApplicationSupportsIndirectInputEvents = YES;
				INFOPLIST_KEY_UILaunchScreen_Generation = YES;
				INFOPLIST_KEY_UISupportedInterfaceOrientations_iPad = "UIInterfaceOrientationPortrait UIInterfaceOrientationPortraitUpsideDown UIInterfaceOrientationLandscapeLeft UIInterfaceOrientationLandscapeRight";
				INFOPLIST_KEY_UISupportedInterfaceOrientations_iPhone = "UIInterfaceOrientationPortrait UIInterfaceOrientationLandscapeLeft UIInterfaceOrientationLandscapeRight";
				LD_RUNPATH_SEARCH_PATHS = (
					"$(inherited)",
					"@executable_path/Frameworks",
				);
				MARKETING_VERSION = 1.0;
				PRODUCT_BUNDLE_IDENTIFIER = dev.jasonawise.wiseToDo;
				PRODUCT_NAME = "$(TARGET_NAME)";
				PROVISIONING_PROFILE_SPECIFIER = "";
				SWIFT_EMIT_LOC_STRINGS = YES;
				SWIFT_VERSION = 5.0;
				TARGETED_DEVICE_FAMILY = "1,2";
			};
			name = Release;
		};
/* End XCBuildConfiguration section */

/* Begin XCConfigurationList section */
		2CD3F60E2A14662600394B20 /* Build configuration list for PBXProject "wiseToDo" */ = {
			isa = XCConfigurationList;
			buildConfigurations = (
				2CD3F61F2A14662700394B20 /* Debug */,
				2CD3F6202A14662700394B20 /* Release */,
			);
			defaultConfigurationIsVisible = 0;
			defaultConfigurationName = Release;
		};
		2CD3F6212A14662700394B20 /* Build configuration list for PBXNativeTarget "wiseToDo" */ = {
			isa = XCConfigurationList;
			buildConfigurations = (
				2CD3F6222A14662700394B20 /* Debug */,
				2CD3F6232A14662700394B20 /* Release */,
			);
			defaultConfigurationIsVisible = 0;
			defaultConfigurationName = Release;
		};
/* End XCConfigurationList section */

/* Begin XCVersionGroup section */
		2C494FCB2A185BC80031827E /* CoreDataModel.xcdatamodeld */ = {
			isa = XCVersionGroup;
			children = (
				2C494FCC2A185BC80031827E /* CoreDataModel.xcdatamodel */,
			);
			currentVersion = 2C494FCC2A185BC80031827E /* CoreDataModel.xcdatamodel */;
			path = CoreDataModel.xcdatamodeld;
			sourceTree = "<group>";
			versionGroupType = wrapper.xcdatamodel;
		};
/* End XCVersionGroup section */
	};
	rootObject = 2CD3F60B2A14662600394B20 /* Project object */;
}
